{
  "version": "5",
  "specifiers": {
    "jsr:@sigma/deno-compat@0.11": "0.11.0",
    "jsr:@sigmasd/gtk@0.27": "0.27.0",
    "jsr:@std/bytes@^1.0.6": "1.0.6",
    "jsr:@std/fmt@^1.0.9": "1.0.9",
    "jsr:@std/fs@^1.0.22": "1.0.22",
    "jsr:@std/internal@^1.0.12": "1.0.12",
    "jsr:@std/path@^1.1.4": "1.1.4",
    "jsr:@std/streams@^1.0.17": "1.0.17"
  },
  "jsr": {
    "@sigma/deno-compat@0.11.0": {
      "integrity": "f2c55c04bd64a11499799b0c1d3fa2ef23330865720ff470451e3d2ae6c1d242"
    },
    "@sigmasd/gtk@0.27.0": {
      "integrity": "11a414ec9a4bda314bc5c6c9aaf0df3543941708152510186cbd08f8123c09c7",
      "dependencies": [
        "jsr:@sigma/deno-compat"
      ]
    },
    "@std/bytes@1.0.6": {
      "integrity": "f6ac6adbd8ccd99314045f5703e23af0a68d7f7e58364b47d2c7f408aeb5820a"
    },
    "@std/fmt@1.0.9": {
      "integrity": "2487343e8899fb2be5d0e3d35013e54477ada198854e52dd05ed0422eddcabe0"
    },
    "@std/fs@1.0.22": {
      "integrity": "de0f277a58a867147a8a01bc1b181d0dfa80bfddba8c9cf2bacd6747bcec9308",
      "dependencies": [
        "jsr:@std/internal",
        "jsr:@std/path"
      ]
    },
    "@std/internal@1.0.12": {
      "integrity": "972a634fd5bc34b242024402972cd5143eac68d8dffaca5eaa4dba30ce17b027"
    },
    "@std/path@1.1.4": {
      "integrity": "1d2d43f39efb1b42f0b1882a25486647cb851481862dc7313390b2bb044314b5",
      "dependencies": [
        "jsr:@std/internal"
      ]
    },
    "@std/streams@1.0.17": {
      "integrity": "7859f3d9deed83cf4b41f19223d4a67661b3d3819e9fc117698f493bf5992140",
      "dependencies": [
        "jsr:@std/bytes"
      ]
    }
  },
  "remote": {
    "https://deno.land/std@0.141.0/bytes/bytes_list.ts": "67eb118e0b7891d2f389dad4add35856f4ad5faab46318ff99653456c23b025d",
    "https://deno.land/std@0.141.0/streams/delimiter.ts": "5a2de49a3af414207a0cae5c5d25842a21baf88c2b4f8e2f3787b29dd8d0d13d"
  },
  "workspace": {
    "dependencies": [
      "jsr:@sigmasd/gtk@0.27",
      "jsr:@std/fmt@^1.0.9",
      "jsr:@std/fs@^1.0.22",
      "jsr:@std/path@^1.1.4",
      "jsr:@std/streams@^1.0.17"
    ]
  }
}
