{
  "version": "5",
  "specifiers": {
    "jsr:@sigma/deno-compat@0.23.0": "0.23.0",
    "jsr:@sigmasd/gtk@0.65": "0.65.0",
    "jsr:@std/bytes@^1.0.6": "1.0.6",
    "jsr:@std/fmt@^1.0.10": "1.0.10",
    "jsr:@std/fs@^1.0.24": "1.0.24",
    "jsr:@std/internal@^1.0.14": "1.0.14",
    "jsr:@std/path@^1.1.5": "1.1.5",
    "jsr:@std/streams@^1.1.1": "1.1.1"
  },
  "jsr": {
    "@sigma/deno-compat@0.23.0": {
      "integrity": "3e116e19096601c3e078311864b653a207592195ae6a3f634a45931eb1a21481"
    },
    "@sigmasd/gtk@0.65.0": {
      "integrity": "b8a2eb49b07f9b79c00a4c80ad7afc704c306e69775fd4cf3f916ba38344e4b6",
      "dependencies": [
        "jsr:@sigma/deno-compat"
      ]
    },
    "@std/bytes@1.0.6": {
      "integrity": "f6ac6adbd8ccd99314045f5703e23af0a68d7f7e58364b47d2c7f408aeb5820a"
    },
    "@std/fmt@1.0.10": {
      "integrity": "90dfba288802ac6de82fb31d0917eb9e4450b9925b954d5e51fc29ac07419db5"
    },
    "@std/fs@1.0.24": {
      "integrity": "f3061b45b81673a2bece689da041df32d174be064c89eb6397fb5718d3fb7877",
      "dependencies": [
        "jsr:@std/internal",
        "jsr:@std/path"
      ]
    },
    "@std/internal@1.0.14": {
      "integrity": "291516b3d4c35024d6ffbc0a9df5bf4c64116e05b50012cf846710152d2ffdf7"
    },
    "@std/path@1.1.5": {
      "integrity": "ccea00982ea28c36becaf6e62f855406c76a8c32d462f66f415bbb7d83a271bc",
      "dependencies": [
        "jsr:@std/internal"
      ]
    },
    "@std/streams@1.1.1": {
      "integrity": "92556d350e537e9dce527a6d08f6f15be3ff65e656079dea69d15252187c7613",
      "dependencies": [
        "jsr:@std/bytes"
      ]
    }
  },
  "remote": {
    "https://deno.land/std@0.141.0/bytes/bytes_list.ts": "67eb118e0b7891d2f389dad4add35856f4ad5faab46318ff99653456c23b025d",
    "https://deno.land/std@0.141.0/streams/delimiter.ts": "5a2de49a3af414207a0cae5c5d25842a21baf88c2b4f8e2f3787b29dd8d0d13d"
  },
  "workspace": {
    "dependencies": [
      "jsr:@sigmasd/gtk@0.65",
      "jsr:@std/fmt@^1.0.10",
      "jsr:@std/fs@^1.0.24",
      "jsr:@std/path@^1.1.5",
      "jsr:@std/streams@^1.1.1"
    ]
  }
}
